
Microsoft Visual Studio Solution File, Format Version 12.00
# Visual Studio 15
VisualStudioVersion = 15.0.27428.2015
MinimumVisualStudioVersion = 10.0.40219.1
Project("{9A19103F-16F7-4668-BE54-9A1E7A4F7556}") = "WebApiSample", "WebApiSample\WebApiSample.csproj", "{5E279A08-119E-4F7D-920E-075F4A36E1AF}"
EndProject
Project("{E53339B2-1760-4266-BCC7-CA923CBCF16C}") = "docker-compose", "docker-compose.dcproj", "{0C67A0E6-8566-46AA-925A-BCC0DEAF8129}"
EndProject
Project("{9A19103F-16F7-4668-BE54-9A1E7A4F7556}") = "Tests", "..\Tests\Tests.csproj", "{A8C9C5F2-1E46-4B3C-8A79-1AB1880DFC2F}"
EndProject
Project("{9A19103F-16F7-4668-BE54-9A1E7A4F7556}") = "Library", "Library\Library.csproj", "{35E70A03-0C5D-461D-B474-A53E10A85166}"
EndProject
Project("{9A19103F-16F7-4668-BE54-9A1E7A4F7556}") = "IntegrationTests", "IntegrationTests\IntegrationTests.csproj", "{A49F48DD-AB4D-4EFE-AF02-5E7A692FD3DB}"
EndProject
Global
	GlobalSection(SolutionConfigurationPlatforms) = preSolution
		Debug|Any CPU = Debug|Any CPU
		Release|Any CPU = Release|Any CPU
	EndGlobalSection
	GlobalSection(ProjectConfigurationPlatforms) = postSolution
		{5E279A08-119E-4F7D-920E-075F4A36E1AF}.Debug|Any CPU.ActiveCfg = Debug|Any CPU
		{5E279A08-119E-4F7D-920E-075F4A36E1AF}.Debug|Any CPU.Build.0 = Debug|Any CPU
		{5E279A08-119E-4F7D-920E-075F4A36E1AF}.Release|Any CPU.ActiveCfg = Release|Any CPU
		{5E279A08-119E-4F7D-920E-075F4A36E1AF}.Release|Any CPU.Build.0 = Release|Any CPU
		{0C67A0E6-8566-46AA-925A-BCC0DEAF8129}.Debug|Any CPU.ActiveCfg = Debug|Any CPU
		{0C67A0E6-8566-46AA-925A-BCC0DEAF8129}.Debug|Any CPU.Build.0 = Debug|Any CPU
		{0C67A0E6-8566-46AA-925A-BCC0DEAF8129}.Release|Any CPU.ActiveCfg = Release|Any CPU
		{0C67A0E6-8566-46AA-925A-BCC0DEAF8129}.Release|Any CPU.Build.0 = Release|Any CPU
		{A8C9C5F2-1E46-4B3C-8A79-1AB1880DFC2F}.Debug|Any CPU.ActiveCfg = Debug|Any CPU
		{A8C9C5F2-1E46-4B3C-8A79-1AB1880DFC2F}.Debug|Any CPU.Build.0 = Debug|Any CPU
		{A8C9C5F2-1E46-4B3C-8A79-1AB1880DFC2F}.Release|Any CPU.ActiveCfg = Release|Any CPU
		{A8C9C5F2-1E46-4B3C-8A79-1AB1880DFC2F}.Release|Any CPU.Build.0 = Release|Any CPU
		{35E70A03-0C5D-461D-B474-A53E10A85166}.Debug|Any CPU.ActiveCfg = Debug|Any CPU
		{35E70A03-0C5D-461D-B474-A53E10A85166}.Debug|Any CPU.Build.0 = Debug|Any CPU
		{35E70A03-0C5D-461D-B474-A53E10A85166}.Release|Any CPU.ActiveCfg = Release|Any CPU
		{35E70A03-0C5D-461D-B474-A53E10A85166}.Release|Any CPU.Build.0 = Release|Any CPU
		{A49F48DD-AB4D-4EFE-AF02-5E7A692FD3DB}.Debug|Any CPU.ActiveCfg = Debug|Any CPU
		{A49F48DD-AB4D-4EFE-AF02-5E7A692FD3DB}.Debug|Any CPU.Build.0 = Debug|Any CPU
		{A49F48DD-AB4D-4EFE-AF02-5E7A692FD3DB}.Release|Any CPU.ActiveCfg = Release|Any CPU
		{A49F48DD-AB4D-4EFE-AF02-5E7A692FD3DB}.Release|Any CPU.Build.0 = Release|Any CPU
	EndGlobalSection
	GlobalSection(SolutionProperties) = preSolution
		HideSolutionNode = FALSE
	EndGlobalSection
	GlobalSection(ExtensibilityGlobals) = postSolution
		SolutionGuid = {046509D7-3150-48C9-98F1-F567FE2C6325}
	EndGlobalSection
EndGlobal
